
Microsoft Visual Studio Solution File, Format Version 12.00
# Visual Studio 2012
Project("{FAE04EC0-301F-11D3-BF4B-00C04F79EFBC}") = "JsonSql", "JsonSql\JsonSql.csproj", "{EB8265C2-7239-43D4-B8FF-35C593A6A81E}"
EndProject
Global
	GlobalSection(SolutionConfigurationPlatforms) = preSolution
		Debug|Any CPU = Debug|Any CPU
		Release|Any CPU = Release|Any CPU
	EndGlobalSection
	GlobalSection(ProjectConfigurationPlatforms) = postSolution
		{EB8265C2-7239-43D4-B8FF-35C593A6A81E}.Debug|Any CPU.ActiveCfg = Debug|Any CPU
		{EB8265C2-7239-43D4-B8FF-35C593A6A81E}.Debug|Any CPU.Build.0 = Debug|Any CPU
		{EB8265C2-7239-43D4-B8FF-35C593A6A81E}.Release|Any CPU.ActiveCfg = Release|Any CPU
		{EB8265C2-7239-43D4-B8FF-35C593A6A81E}.Release|Any CPU.Build.0 = Release|Any CPU
	EndGlobalSection
	GlobalSection(SolutionProperties) = preSolution
		HideSolutionNode = FALSE
	EndGlobalSection
EndGlobal
